{
  "name": "discordyoutubenotifier",
  "version": "1.0.0",
  "lockfileVersion": 1,
  "requires": true,
  "dependencies": {
    "async-limiter": {
      "version": "1.0.0",
      "resolved": "https://registry.npmjs.org/async-limiter/-/async-limiter-1.0.0.tgz",
      "integrity": "sha512-jp/uFnooOiO+L211eZOoSyzpOITMXx1rBITauYykG3BRYPu8h0UcxsPNB04RR5vo4Tyz3+ay17tR6JVf9qzYWg=="
    },
    "discord.js": {
      "version": "11.5.1",
      "resolved": "https://registry.npmjs.org/discord.js/-/discord.js-11.5.1.tgz",
      "integrity": "sha512-tGhV5xaZXE3Z+4uXJb3hYM6gQ1NmnSxp9PClcsSAYFVRzH6AJH74040mO3afPDMWEAlj8XsoPXXTJHTxesqcGw==",
      "requires": {
        "long": "^4.0.0",
        "prism-media": "^0.0.3",
        "snekfetch": "^3.6.4",
        "tweetnacl": "^1.0.0",
        "ws": "^6.0.0"
      }
    },
    "entities": {
      "version": "1.1.2",
      "resolved": "https://registry.npmjs.org/entities/-/entities-1.1.2.tgz",
      "integrity": "sha512-f2LZMYl1Fzu7YSBKg+RoROelpOaNrcGmE9AZubeDfrCEia483oW4MI4VyFd5VNHIgQ/7qm1I0wUHK1eJnn2y2w=="
    },
    "iso8601-duration": {
      "version": "1.2.0",
      "resolved": "https://registry.npmjs.org/iso8601-duration/-/iso8601-duration-1.2.0.tgz",
      "integrity": "sha512-ErTBd++b17E8nmWII1K1uZtBgD1E8RjyvwmxlCjPHNqHMD7gmcMHOw0E8Ro/6+QT4PhHRSnnMo7bxa1vFPkwhg=="
    },
    "long": {
      "version": "4.0.0",
      "resolved": "https://registry.npmjs.org/long/-/long-4.0.0.tgz",
      "integrity": "sha512-XsP+KhQif4bjX1kbuSiySJFNAehNxgLb6hPRGJ9QsUr8ajHkuXGdrHmFUTUUXhDwVX2R5bY4JNZEwbUiMhV+MA=="
    },
    "node-fetch": {
      "version": "2.6.0",
      "resolved": "https://registry.npmjs.org/node-fetch/-/node-fetch-2.6.0.tgz",
      "integrity": "sha512-8dG4H5ujfvFiqDmVu9fQ5bOHUC15JMjMY/Zumv26oOvvVJjM67KF8koCWIabKQ1GJIa9r2mMZscBq/TbdOcmNA=="
    },
    "prism-media": {
      "version": "0.0.3",
      "resolved": "https://registry.npmjs.org/prism-media/-/prism-media-0.0.3.tgz",
      "integrity": "sha512-c9KkNifSMU/iXT8FFTaBwBMr+rdVcN+H/uNv1o+CuFeTThNZNTOrQ+RgXA1yL/DeLk098duAeRPP3QNPNbhxYQ=="
    },
    "rss-parser": {
      "version": "3.7.2",
      "resolved": "https://registry.npmjs.org/rss-parser/-/rss-parser-3.7.2.tgz",
      "integrity": "sha512-kx0VIFelgwBk5qA4n32U6cx40anAU7TwlRXjyxLDFgMlg8/UcJ64x+Hj5oRX1Kjos+OeFGOmnd5YXH5ES+bmzg==",
      "requires": {
        "entities": "^1.1.1",
        "xml2js": "^0.4.19"
      }
    },
    "sax": {
      "version": "1.2.4",
      "resolved": "https://registry.npmjs.org/sax/-/sax-1.2.4.tgz",
      "integrity": "sha512-NqVDv9TpANUjFm0N8uM5GxL36UgKi9/atZw+x7YFnQ8ckwFGKrl4xX4yWtrey3UJm5nP1kUbnYgLopqWNSRhWw=="
    },
    "simple-youtube-api": {
      "version": "5.2.1",
      "resolved": "https://registry.npmjs.org/simple-youtube-api/-/simple-youtube-api-5.2.1.tgz",
      "integrity": "sha512-vmndP9Bkh35tifn2OwY+th2imSsfYtmDqczgdOW5yEARFzvSoR8VSQFsivJnctfV5QHQUL6VrOpNdbmDRLh9Bg==",
      "requires": {
        "iso8601-duration": "^1.2.0",
        "node-fetch": "^2.6.0"
      }
    },
    "snekfetch": {
      "version": "3.6.4",
      "resolved": "https://registry.npmjs.org/snekfetch/-/snekfetch-3.6.4.tgz",
      "integrity": "sha512-NjxjITIj04Ffqid5lqr7XdgwM7X61c/Dns073Ly170bPQHLm6jkmelye/eglS++1nfTWktpP6Y2bFXjdPlQqdw=="
    },
    "tweetnacl": {
      "version": "1.0.1",
      "resolved": "https://registry.npmjs.org/tweetnacl/-/tweetnacl-1.0.1.tgz",
      "integrity": "sha512-kcoMoKTPYnoeS50tzoqjPY3Uv9axeuuFAZY9M/9zFnhoVvRfxz9K29IMPD7jGmt2c8SW7i3gT9WqDl2+nV7p4A=="
    },
    "ws": {
      "version": "6.2.1",
      "resolved": "https://registry.npmjs.org/ws/-/ws-6.2.1.tgz",
      "integrity": "sha512-GIyAXC2cB7LjvpgMt9EKS2ldqr0MTrORaleiOno6TweZ6r3TKtoFQWay/2PceJ3RuBasOHzXNn5Lrw1X0bEjqA==",
      "requires": {
        "async-limiter": "~1.0.0"
      }
    },
    "xml2js": {
      "version": "0.4.19",
      "resolved": "https://registry.npmjs.org/xml2js/-/xml2js-0.4.19.tgz",
      "integrity": "sha512-esZnJZJOiJR9wWKMyuvSE1y6Dq5LCuJanqhxslH2bxM6duahNZ+HMpCLhBQGZkbX6xRf8x1Y2eJlgt2q3qo49Q==",
      "requires": {
        "sax": ">=0.6.0",
        "xmlbuilder": "~9.0.1"
      }
    },
    "xmlbuilder": {
      "version": "9.0.7",
      "resolved": "https://registry.npmjs.org/xmlbuilder/-/xmlbuilder-9.0.7.tgz",
      "integrity": "sha1-Ey7mPS7FVlxVfiD0wi35rKaGsQ0="
    }
  }
}
